{
  "name": "bezier_simple_connect_viewer",
  "version": "0.0.1",
  "lockfileVersion": 1,
  "dependencies": {
    "@npm-polymer/webcomponentsjs": {
      "version": "1.0.1",
      "resolved": "https://registry.npmjs.org/@npm-polymer/webcomponentsjs/-/webcomponentsjs-1.0.1.tgz",
      "integrity": "sha1-FzOkXXf+PUJ2eeHjpHmYjgtSYIk="
    },
    "handsontable": {
      "version": "0.32.0",
      "resolved": "https://registry.npmjs.org/handsontable/-/handsontable-0.32.0.tgz",
      "integrity": "sha1-97DQzwe4tM3eHkqZwCcCEnSdq4k="
    },
    "moment": {
      "version": "2.13.0",
      "resolved": "https://registry.npmjs.org/moment/-/moment-2.13.0.tgz",
      "integrity": "sha1-JBYtmVIebUD5muaTnoBtITnqrFI="
    },
    "numbro": {
      "version": "1.11.0",
      "resolved": "https://registry.npmjs.org/numbro/-/numbro-1.11.0.tgz",
      "integrity": "sha1-OaoXs1i0aCrsjKDVdV81xdnOj54="
    },
    "pikaday": {
      "version": "1.4.0",
      "resolved": "https://registry.npmjs.org/pikaday/-/pikaday-1.4.0.tgz",
      "integrity": "sha1-3ZbUo8VwconvTcfd8+AZTQxv8uI="
    },
    "zeroclipboard": {
      "version": "2.3.0",
      "resolved": "https://registry.npmjs.org/zeroclipboard/-/zeroclipboard-2.3.0.tgz",
      "integrity": "sha1-WS69gzpDCGiLBzlpfT2/mJACya8="
    }
  }
}
